
Microsoft Visual Studio Solution File, Format Version 12.00
# Visual Studio Version 17
VisualStudioVersion = 17.2.32519.379
MinimumVisualStudioVersion = 10.0.40219.1
Project("{9A19103F-16F7-4668-BE54-9A1E7A4F7556}") = "BasicMokymai", "BasicMokymai\BasicMokymai.csproj", "{E6EA2871-7257-452F-AB45-47EA273338CD}"
EndProject
Project("{9A19103F-16F7-4668-BE54-9A1E7A4F7556}") = "P003_komentarai", "P003_komentarai\P003_komentarai.csproj", "{32467A6B-F2AC-4156-97D4-915A6F8D0B33}"
EndProject
Project("{9A19103F-16F7-4668-BE54-9A1E7A4F7556}") = "P002_Console_uzduotys", "P002_Console_uzduotys\P002_Console_uzduotys.csproj", "{1CE93A3F-8FFB-4CA9-ACC1-50DF5645AB7C}"
EndProject
Project("{9A19103F-16F7-4668-BE54-9A1E7A4F7556}") = "P002_stringKintamieji", "P002_stringKintamieji\P002_stringKintamieji.csproj", "{3C4D72CE-9923-4665-BE7C-B36FDE129E02}"
EndProject
Project("{9A19103F-16F7-4668-BE54-9A1E7A4F7556}") = "P002_TowerOfHanoi", "P002_TowerOfHanoi\P002_TowerOfHanoi.csproj", "{263CEBE2-C991-491B-B563-08933E22AEDC}"
EndProject
Project("{9A19103F-16F7-4668-BE54-9A1E7A4F7556}") = "P003_Kintamieji", "P003_Kintamieji\P003_Kintamieji.csproj", "{7235124F-AE5E-4B09-A744-5D03DFD17108}"
EndProject
Project("{9A19103F-16F7-4668-BE54-9A1E7A4F7556}") = "TowerOfHanoi_v2", "TowerOfHanoi_v2\TowerOfHanoi_v2.csproj", "{05DFA7C9-A808-448A-9E0F-EC53162FB0EB}"
EndProject
Project("{9A19103F-16F7-4668-BE54-9A1E7A4F7556}") = "P_004_tipuKonversijos", "P_004_tipuKonversijos\P_004_tipuKonversijos.csproj", "{000DFEFC-FE94-40F0-BDA9-B19B0D5512C1}"
EndProject
Project("{9A19103F-16F7-4668-BE54-9A1E7A4F7556}") = "P004_MatematiniaiOperatoriai", "P004_MatematiniaiOperatoriai\P004_MatematiniaiOperatoriai.csproj", "{681C4AB1-5CA0-4AE8-95C8-570229EC0212}"
EndProject
Project("{9A19103F-16F7-4668-BE54-9A1E7A4F7556}") = "P004_uzduotys", "P004_uzduotys\P004_uzduotys.csproj", "{E31EF0AB-B11D-447F-9CE2-11B7D39461D2}"
EndProject
Project("{9A19103F-16F7-4668-BE54-9A1E7A4F7556}") = "P005_operatoriai", "P005_operatoriai\P005_operatoriai.csproj", "{7550DB16-6DA0-4CC4-84F8-EDF820945861}"
EndProject
Project("{9A19103F-16F7-4668-BE54-9A1E7A4F7556}") = "Termometras", "Termometras\Termometras.csproj", "{65815518-800B-4471-B78D-76A16594FF73}"
EndProject
Project("{9A19103F-16F7-4668-BE54-9A1E7A4F7556}") = "P006_Loginiai", "P006_Loginiai\P006_Loginiai.csproj", "{2287387D-FEF3-4D94-BDEE-2909B81D3253}"
EndProject
Project("{9A19103F-16F7-4668-BE54-9A1E7A4F7556}") = "Lygiavimas", "Lygiavimas\Lygiavimas.csproj", "{F08FA172-6F24-41BE-9C4A-F2B732F65E38}"
EndProject
Project("{9A19103F-16F7-4668-BE54-9A1E7A4F7556}") = "Kelias", "Kelias\Kelias.csproj", "{B2C78F2B-10E8-4494-9DA9-4061B71DD16B}"
EndProject
Project("{9A19103F-16F7-4668-BE54-9A1E7A4F7556}") = "P007_If", "P007_If\P007_If.csproj", "{2DF14C64-CA97-456C-9075-E3D20FB98099}"
EndProject
Project("{9A19103F-16F7-4668-BE54-9A1E7A4F7556}") = "P008_Switch", "P008_Switch\P008_Switch.csproj", "{5EF1D12C-B122-4ADC-B21B-32A79C00EAE7}"
EndProject
Project("{9A19103F-16F7-4668-BE54-9A1E7A4F7556}") = "P008_uzduotys", "P008_uzduotys\P008_uzduotys.csproj", "{E61F52E0-4DE2-4FC7-82F6-E7B40333F5A3}"
EndProject
Project("{9A19103F-16F7-4668-BE54-9A1E7A4F7556}") = "P009_StringManipuliacijos", "P009_StringManipuliacijos\P009_StringManipuliacijos.csproj", "{9A50C0C3-3FB8-4D16-AAC4-0E69C91D3A02}"
EndProject
Project("{9A19103F-16F7-4668-BE54-9A1E7A4F7556}") = "P009_AmziausMelagis", "P009_AmziausMelagis\P009_AmziausMelagis.csproj", "{F597B67D-BBC2-4777-8F06-1D9B0105F088}"
EndProject
Project("{9A19103F-16F7-4668-BE54-9A1E7A4F7556}") = "P010_Methods", "P010_Methods\P010_Methods.csproj", "{8F831ADB-BCB5-4F20-8FAE-7DE6A0D45BA9}"
EndProject
Project("{9A19103F-16F7-4668-BE54-9A1E7A4F7556}") = "P011_SavarankiskosUzduotys", "P011_SavarankiskosUzduotys\P011_SavarankiskosUzduotys.csproj", "{F8549FB5-AE54-4BCF-99EC-5CF45E3CD77B}"
EndProject
Project("{2150E333-8FDC-42A3-9474-1A3956D46DE8}") = "tests", "tests", "{BD650993-D14F-4AA9-9A46-3139FAD8FF9F}"
EndProject
Project("{9A19103F-16F7-4668-BE54-9A1E7A4F7556}") = "P011_Methods_Tests", "P011_Methods_Tests\P011_Methods_Tests.csproj", "{0BB32D44-FDE1-449A-8FC4-CC93D7C7DF40}"
	ProjectSection(ProjectDependencies) = postProject
		{E01DD96F-D60D-417B-B15C-1126D4483973} = {E01DD96F-D60D-417B-B15C-1126D4483973}
	EndProjectSection
EndProject
Project("{9A19103F-16F7-4668-BE54-9A1E7A4F7556}") = "P014_Debug", "P014_Debug\P014_Debug.csproj", "{B3FC77FB-4856-4152-B5F9-3D44F11FAFD1}"
	ProjectSection(ProjectDependencies) = postProject
		{0BB32D44-FDE1-449A-8FC4-CC93D7C7DF40} = {0BB32D44-FDE1-449A-8FC4-CC93D7C7DF40}
	EndProjectSection
EndProject
Project("{9A19103F-16F7-4668-BE54-9A1E7A4F7556}") = "P014_Debug_Savarankiskos", "P014_Debug_Savarankiskos\P014_Debug_Savarankiskos.csproj", "{48261BA7-2A32-479C-A217-FFFCC1062EE3}"
EndProject
Project("{9A19103F-16F7-4668-BE54-9A1E7A4F7556}") = "P014_Debug_Tests", "P014_Debug_Tests\P014_Debug_Tests.csproj", "{D7E32678-6937-4F64-B9A8-A984688F92FB}"
EndProject
Project("{9A19103F-16F7-4668-BE54-9A1E7A4F7556}") = "Method_Test_Homework", "Method_Test_Homework\Method_Test_Homework.csproj", "{A72CC0DF-6E18-4513-863C-88CCAD649B49}"
EndProject
Project("{9A19103F-16F7-4668-BE54-9A1E7A4F7556}") = "Debug_Homework", "Debug_Homework\Debug_Homework.csproj", "{20D11B38-0F72-4101-BC3E-BFE4ACB54DAD}"
EndProject
Project("{9A19103F-16F7-4668-BE54-9A1E7A4F7556}") = "Ciklai", "Ciklai\Ciklai.csproj", "{B11D0CC8-61F9-42DA-9A45-CDBF198A4C0C}"
EndProject
Project("{9A19103F-16F7-4668-BE54-9A1E7A4F7556}") = "DNR_inzinerija", "DNR_inzinerija\DNR_inzinerija.csproj", "{CE0F805F-3598-48F2-9AFC-D51C50B0617B}"
EndProject
Project("{9A19103F-16F7-4668-BE54-9A1E7A4F7556}") = "DNR_inzinerija_Test", "DNR_inzinerija_Test\DNR_inzinerija_Test.csproj", "{CFA2099D-E936-4CA2-B8D3-48D4617EEE9B}"
EndProject
Project("{9A19103F-16F7-4668-BE54-9A1E7A4F7556}") = "P016_For", "P016_For\P016_For.csproj", "{B3F6A1FC-A789-4000-8F34-753D5DE03AE3}"
EndProject
Project("{9A19103F-16F7-4668-BE54-9A1E7A4F7556}") = "P017_ForUzduotys", "P017_ForUzduotys\P017_ForUzduotys.csproj", "{E01DD96F-D60D-417B-B15C-1126D4483973}"
EndProject
Project("{9A19103F-16F7-4668-BE54-9A1E7A4F7556}") = "P017_StringBuilder", "P017_StringBuilder\P017_StringBuilder.csproj", "{6EBB4FD9-630C-4E80-BF55-88450E46037C}"
EndProject
Project("{9A19103F-16F7-4668-BE54-9A1E7A4F7556}") = "P019_Masyvai", "P019_Masyvai\P019_Masyvai.csproj", "{3E2E158C-5F82-4AE8-9324-390C290F3EA2}"
EndProject
Project("{9A19103F-16F7-4668-BE54-9A1E7A4F7556}") = "Skaiciuotuvas", "Skaiciuotuvas\Skaiciuotuvas.csproj", "{BBAE21E9-4E7A-4338-B447-B4DBCF7B3322}"
EndProject
Project("{9A19103F-16F7-4668-BE54-9A1E7A4F7556}") = "P020_Masyvu_Kartojimas", "P020_Masyvu_Kartojimas\P020_Masyvu_Kartojimas.csproj", "{26E95DCE-9AC5-44B6-9301-F14EAEE1B6A2}"
EndProject
Project("{9A19103F-16F7-4668-BE54-9A1E7A4F7556}") = "MasyvaiTest", "MasyvaiTest\MasyvaiTest.csproj", "{BC7EC50E-4A97-4DB2-A243-5A051396D079}"
EndProject
Project("{9A19103F-16F7-4668-BE54-9A1E7A4F7556}") = "P021_List", "P021_List\P021_List.csproj", "{74B81F36-21DD-46D2-993F-D9BEB66ACE28}"
EndProject
Project("{9A19103F-16F7-4668-BE54-9A1E7A4F7556}") = "P022_Foreach", "P022_Foreach\P022_Foreach.csproj", "{FFC408EA-3D32-4A02-B886-33C264D7922A}"
EndProject
Project("{9A19103F-16F7-4668-BE54-9A1E7A4F7556}") = "P022_Foreach_Tests", "P022_Foreach_Tests\P022_Foreach_Tests.csproj", "{CFE06817-3043-4BDB-BF32-69C07EB5242A}"
EndProject
Project("{9A19103F-16F7-4668-BE54-9A1E7A4F7556}") = "P023_Dictionaries", "P023_Dictionaries\P023_Dictionaries.csproj", "{12B167E6-596A-4AF5-9B82-42BC2D66FB8B}"
EndProject
Project("{9A19103F-16F7-4668-BE54-9A1E7A4F7556}") = "P023_Dictionary_Uzduotys", "P023_Dictionary_Uzduotys\P023_Dictionary_Uzduotys.csproj", "{C701821F-2F30-4F93-BD34-BD2A16F09880}"
EndProject
Project("{FAE04EC0-301F-11D3-BF4B-00C04F79EFBC}") = "E002_SuperSkaiciuotuvas_Tests", "E002_SuperSkaiciuotuvas_Tests\E002_SuperSkaiciuotuvas_Tests.csproj", "{12888C92-22E0-45C4-B4C5-F941E65C5EEB}"
EndProject
Project("{FAE04EC0-301F-11D3-BF4B-00C04F79EFBC}") = "Skaiciuotuvas_Test", "Skaiciuotuvas_Test\Skaiciuotuvas_Test.csproj", "{85547D25-020C-49E9-ABD7-9C9DF0CA321C}"
EndProject
Project("{FAE04EC0-301F-11D3-BF4B-00C04F79EFBC}") = "E002_SuperSkaiciuotuvas", "E002_SuperSkaiciuotuvas_Be_Testu\E002_SuperSkaiciuotuvas.csproj", "{B7E3C3F0-B66C-44C5-852D-2F8575FBF065}"
EndProject
Project("{FAE04EC0-301F-11D3-BF4B-00C04F79EFBC}") = "E002_SuperSkaiciuotuvas_TaikymasTestams", "E002_SuperSkaiciuotuvas_TaikymasTestams\E002_SuperSkaiciuotuvas_TaikymasTestams.csproj", "{DE40A869-162C-44EB-8D0B-F6617ADFBFF4}"
EndProject
Project("{FAE04EC0-301F-11D3-BF4B-00C04F79EFBC}") = "E002_SuperSkaiciuotuvas_TestuBandymai", "E002_SuperSkaiciuotuvas_TestuBandymai\E002_SuperSkaiciuotuvas_TestuBandymai.csproj", "{286E64E5-FA9D-488D-A55E-CBC8B6394220}"
EndProject
Project("{FAE04EC0-301F-11D3-BF4B-00C04F79EFBC}") = "E002_SuperSkaiciuotuvas_BeTestu", "E002_SuperSkaiciuotuvas_BeTestu\E002_SuperSkaiciuotuvas_BeTestu.csproj", "{500EFCB6-0D97-4EDB-AA7F-EA35F377469F}"
EndProject
Project("{FAE04EC0-301F-11D3-BF4B-00C04F79EFBC}") = "SS", "SS\SS.csproj", "{0627EBBF-F6A2-41DB-867A-0E079C612B58}"
EndProject
Project("{FAE04EC0-301F-11D3-BF4B-00C04F79EFBC}") = "SS_TEst", "SS_TEst\SS_TEst.csproj", "{0A1CE0E4-24E9-43AB-812C-E23925E0BE80}"
EndProject
Project("{FAE04EC0-301F-11D3-BF4B-00C04F79EFBC}") = "SSSSSSSSSS", "SSSSSSSSSS\SSSSSSSSSS.csproj", "{F2AF54A4-4069-4934-8786-E597C0CA1A87}"
EndProject
Project("{FAE04EC0-301F-11D3-BF4B-00C04F79EFBC}") = "SSSSSSSS_TESt", "SSSSSSSS_TESt\SSSSSSSS_TESt.csproj", "{81505A01-4840-43F6-9130-F487BB20FC9C}"
EndProject
Global
	GlobalSection(SolutionConfigurationPlatforms) = preSolution
		Debug|Any CPU = Debug|Any CPU
		Release|Any CPU = Release|Any CPU
	EndGlobalSection
	GlobalSection(ProjectConfigurationPlatforms) = postSolution
		{E6EA2871-7257-452F-AB45-47EA273338CD}.Debug|Any CPU.ActiveCfg = Debug|Any CPU
		{E6EA2871-7257-452F-AB45-47EA273338CD}.Debug|Any CPU.Build.0 = Debug|Any CPU
		{E6EA2871-7257-452F-AB45-47EA273338CD}.Release|Any CPU.ActiveCfg = Release|Any CPU
		{E6EA2871-7257-452F-AB45-47EA273338CD}.Release|Any CPU.Build.0 = Release|Any CPU
		{32467A6B-F2AC-4156-97D4-915A6F8D0B33}.Debug|Any CPU.ActiveCfg = Debug|Any CPU
		{32467A6B-F2AC-4156-97D4-915A6F8D0B33}.Debug|Any CPU.Build.0 = Debug|Any CPU
		{32467A6B-F2AC-4156-97D4-915A6F8D0B33}.Release|Any CPU.ActiveCfg = Release|Any CPU
		{32467A6B-F2AC-4156-97D4-915A6F8D0B33}.Release|Any CPU.Build.0 = Release|Any CPU
		{1CE93A3F-8FFB-4CA9-ACC1-50DF5645AB7C}.Debug|Any CPU.ActiveCfg = Debug|Any CPU
		{1CE93A3F-8FFB-4CA9-ACC1-50DF5645AB7C}.Debug|Any CPU.Build.0 = Debug|Any CPU
		{1CE93A3F-8FFB-4CA9-ACC1-50DF5645AB7C}.Release|Any CPU.ActiveCfg = Release|Any CPU
		{1CE93A3F-8FFB-4CA9-ACC1-50DF5645AB7C}.Release|Any CPU.Build.0 = Release|Any CPU
		{3C4D72CE-9923-4665-BE7C-B36FDE129E02}.Debug|Any CPU.ActiveCfg = Debug|Any CPU
		{3C4D72CE-9923-4665-BE7C-B36FDE129E02}.Debug|Any CPU.Build.0 = Debug|Any CPU
		{3C4D72CE-9923-4665-BE7C-B36FDE129E02}.Release|Any CPU.ActiveCfg = Release|Any CPU
		{3C4D72CE-9923-4665-BE7C-B36FDE129E02}.Release|Any CPU.Build.0 = Release|Any CPU
		{263CEBE2-C991-491B-B563-08933E22AEDC}.Debug|Any CPU.ActiveCfg = Debug|Any CPU
		{263CEBE2-C991-491B-B563-08933E22AEDC}.Debug|Any CPU.Build.0 = Debug|Any CPU
		{263CEBE2-C991-491B-B563-08933E22AEDC}.Release|Any CPU.ActiveCfg = Release|Any CPU
		{263CEBE2-C991-491B-B563-08933E22AEDC}.Release|Any CPU.Build.0 = Release|Any CPU
		{7235124F-AE5E-4B09-A744-5D03DFD17108}.Debug|Any CPU.ActiveCfg = Debug|Any CPU
		{7235124F-AE5E-4B09-A744-5D03DFD17108}.Debug|Any CPU.Build.0 = Debug|Any CPU
		{7235124F-AE5E-4B09-A744-5D03DFD17108}.Release|Any CPU.ActiveCfg = Release|Any CPU
		{7235124F-AE5E-4B09-A744-5D03DFD17108}.Release|Any CPU.Build.0 = Release|Any CPU
		{05DFA7C9-A808-448A-9E0F-EC53162FB0EB}.Debug|Any CPU.ActiveCfg = Debug|Any CPU
		{05DFA7C9-A808-448A-9E0F-EC53162FB0EB}.Debug|Any CPU.Build.0 = Debug|Any CPU
		{05DFA7C9-A808-448A-9E0F-EC53162FB0EB}.Release|Any CPU.ActiveCfg = Release|Any CPU
		{05DFA7C9-A808-448A-9E0F-EC53162FB0EB}.Release|Any CPU.Build.0 = Release|Any CPU
		{000DFEFC-FE94-40F0-BDA9-B19B0D5512C1}.Debug|Any CPU.ActiveCfg = Debug|Any CPU
		{000DFEFC-FE94-40F0-BDA9-B19B0D5512C1}.Debug|Any CPU.Build.0 = Debug|Any CPU
		{000DFEFC-FE94-40F0-BDA9-B19B0D5512C1}.Release|Any CPU.ActiveCfg = Release|Any CPU
		{000DFEFC-FE94-40F0-BDA9-B19B0D5512C1}.Release|Any CPU.Build.0 = Release|Any CPU
		{681C4AB1-5CA0-4AE8-95C8-570229EC0212}.Debug|Any CPU.ActiveCfg = Debug|Any CPU
		{681C4AB1-5CA0-4AE8-95C8-570229EC0212}.Debug|Any CPU.Build.0 = Debug|Any CPU
		{681C4AB1-5CA0-4AE8-95C8-570229EC0212}.Release|Any CPU.ActiveCfg = Release|Any CPU
		{681C4AB1-5CA0-4AE8-95C8-570229EC0212}.Release|Any CPU.Build.0 = Release|Any CPU
		{E31EF0AB-B11D-447F-9CE2-11B7D39461D2}.Debug|Any CPU.ActiveCfg = Debug|Any CPU
		{E31EF0AB-B11D-447F-9CE2-11B7D39461D2}.Debug|Any CPU.Build.0 = Debug|Any CPU
		{E31EF0AB-B11D-447F-9CE2-11B7D39461D2}.Release|Any CPU.ActiveCfg = Release|Any CPU
		{E31EF0AB-B11D-447F-9CE2-11B7D39461D2}.Release|Any CPU.Build.0 = Release|Any CPU
		{7550DB16-6DA0-4CC4-84F8-EDF820945861}.Debug|Any CPU.ActiveCfg = Debug|Any CPU
		{7550DB16-6DA0-4CC4-84F8-EDF820945861}.Debug|Any CPU.Build.0 = Debug|Any CPU
		{7550DB16-6DA0-4CC4-84F8-EDF820945861}.Release|Any CPU.ActiveCfg = Release|Any CPU
		{7550DB16-6DA0-4CC4-84F8-EDF820945861}.Release|Any CPU.Build.0 = Release|Any CPU
		{65815518-800B-4471-B78D-76A16594FF73}.Debug|Any CPU.ActiveCfg = Debug|Any CPU
		{65815518-800B-4471-B78D-76A16594FF73}.Debug|Any CPU.Build.0 = Debug|Any CPU
		{65815518-800B-4471-B78D-76A16594FF73}.Release|Any CPU.ActiveCfg = Release|Any CPU
		{65815518-800B-4471-B78D-76A16594FF73}.Release|Any CPU.Build.0 = Release|Any CPU
		{2287387D-FEF3-4D94-BDEE-2909B81D3253}.Debug|Any CPU.ActiveCfg = Debug|Any CPU
		{2287387D-FEF3-4D94-BDEE-2909B81D3253}.Debug|Any CPU.Build.0 = Debug|Any CPU
		{2287387D-FEF3-4D94-BDEE-2909B81D3253}.Release|Any CPU.ActiveCfg = Release|Any CPU
		{2287387D-FEF3-4D94-BDEE-2909B81D3253}.Release|Any CPU.Build.0 = Release|Any CPU
		{F08FA172-6F24-41BE-9C4A-F2B732F65E38}.Debug|Any CPU.ActiveCfg = Debug|Any CPU
		{F08FA172-6F24-41BE-9C4A-F2B732F65E38}.Debug|Any CPU.Build.0 = Debug|Any CPU
		{F08FA172-6F24-41BE-9C4A-F2B732F65E38}.Release|Any CPU.ActiveCfg = Release|Any CPU
		{F08FA172-6F24-41BE-9C4A-F2B732F65E38}.Release|Any CPU.Build.0 = Release|Any CPU
		{B2C78F2B-10E8-4494-9DA9-4061B71DD16B}.Debug|Any CPU.ActiveCfg = Debug|Any CPU
		{B2C78F2B-10E8-4494-9DA9-4061B71DD16B}.Debug|Any CPU.Build.0 = Debug|Any CPU
		{B2C78F2B-10E8-4494-9DA9-4061B71DD16B}.Release|Any CPU.ActiveCfg = Release|Any CPU
		{B2C78F2B-10E8-4494-9DA9-4061B71DD16B}.Release|Any CPU.Build.0 = Release|Any CPU
		{2DF14C64-CA97-456C-9075-E3D20FB98099}.Debug|Any CPU.ActiveCfg = Debug|Any CPU
		{2DF14C64-CA97-456C-9075-E3D20FB98099}.Debug|Any CPU.Build.0 = Debug|Any CPU
		{2DF14C64-CA97-456C-9075-E3D20FB98099}.Release|Any CPU.ActiveCfg = Release|Any CPU
		{2DF14C64-CA97-456C-9075-E3D20FB98099}.Release|Any CPU.Build.0 = Release|Any CPU
		{5EF1D12C-B122-4ADC-B21B-32A79C00EAE7}.Debug|Any CPU.ActiveCfg = Debug|Any CPU
		{5EF1D12C-B122-4ADC-B21B-32A79C00EAE7}.Debug|Any CPU.Build.0 = Debug|Any CPU
		{5EF1D12C-B122-4ADC-B21B-32A79C00EAE7}.Release|Any CPU.ActiveCfg = Release|Any CPU
		{5EF1D12C-B122-4ADC-B21B-32A79C00EAE7}.Release|Any CPU.Build.0 = Release|Any CPU
		{E61F52E0-4DE2-4FC7-82F6-E7B40333F5A3}.Debug|Any CPU.ActiveCfg = Debug|Any CPU
		{E61F52E0-4DE2-4FC7-82F6-E7B40333F5A3}.Debug|Any CPU.Build.0 = Debug|Any CPU
		{E61F52E0-4DE2-4FC7-82F6-E7B40333F5A3}.Release|Any CPU.ActiveCfg = Release|Any CPU
		{E61F52E0-4DE2-4FC7-82F6-E7B40333F5A3}.Release|Any CPU.Build.0 = Release|Any CPU
		{9A50C0C3-3FB8-4D16-AAC4-0E69C91D3A02}.Debug|Any CPU.ActiveCfg = Debug|Any CPU
		{9A50C0C3-3FB8-4D16-AAC4-0E69C91D3A02}.Debug|Any CPU.Build.0 = Debug|Any CPU
		{9A50C0C3-3FB8-4D16-AAC4-0E69C91D3A02}.Release|Any CPU.ActiveCfg = Release|Any CPU
		{9A50C0C3-3FB8-4D16-AAC4-0E69C91D3A02}.Release|Any CPU.Build.0 = Release|Any CPU
		{F597B67D-BBC2-4777-8F06-1D9B0105F088}.Debug|Any CPU.ActiveCfg = Debug|Any CPU
		{F597B67D-BBC2-4777-8F06-1D9B0105F088}.Debug|Any CPU.Build.0 = Debug|Any CPU
		{F597B67D-BBC2-4777-8F06-1D9B0105F088}.Release|Any CPU.ActiveCfg = Release|Any CPU
		{F597B67D-BBC2-4777-8F06-1D9B0105F088}.Release|Any CPU.Build.0 = Release|Any CPU
		{8F831ADB-BCB5-4F20-8FAE-7DE6A0D45BA9}.Debug|Any CPU.ActiveCfg = Debug|Any CPU
		{8F831ADB-BCB5-4F20-8FAE-7DE6A0D45BA9}.Debug|Any CPU.Build.0 = Debug|Any CPU
		{8F831ADB-BCB5-4F20-8FAE-7DE6A0D45BA9}.Release|Any CPU.ActiveCfg = Release|Any CPU
		{8F831ADB-BCB5-4F20-8FAE-7DE6A0D45BA9}.Release|Any CPU.Build.0 = Release|Any CPU
		{F8549FB5-AE54-4BCF-99EC-5CF45E3CD77B}.Debug|Any CPU.ActiveCfg = Debug|Any CPU
		{F8549FB5-AE54-4BCF-99EC-5CF45E3CD77B}.Debug|Any CPU.Build.0 = Debug|Any CPU
		{F8549FB5-AE54-4BCF-99EC-5CF45E3CD77B}.Release|Any CPU.ActiveCfg = Release|Any CPU
		{F8549FB5-AE54-4BCF-99EC-5CF45E3CD77B}.Release|Any CPU.Build.0 = Release|Any CPU
		{0BB32D44-FDE1-449A-8FC4-CC93D7C7DF40}.Debug|Any CPU.ActiveCfg = Debug|Any CPU
		{0BB32D44-FDE1-449A-8FC4-CC93D7C7DF40}.Debug|Any CPU.Build.0 = Debug|Any CPU
		{0BB32D44-FDE1-449A-8FC4-CC93D7C7DF40}.Release|Any CPU.ActiveCfg = Release|Any CPU
		{0BB32D44-FDE1-449A-8FC4-CC93D7C7DF40}.Release|Any CPU.Build.0 = Release|Any CPU
		{B3FC77FB-4856-4152-B5F9-3D44F11FAFD1}.Debug|Any CPU.ActiveCfg = Debug|Any CPU
		{B3FC77FB-4856-4152-B5F9-3D44F11FAFD1}.Debug|Any CPU.Build.0 = Debug|Any CPU
		{B3FC77FB-4856-4152-B5F9-3D44F11FAFD1}.Release|Any CPU.ActiveCfg = Release|Any CPU
		{B3FC77FB-4856-4152-B5F9-3D44F11FAFD1}.Release|Any CPU.Build.0 = Release|Any CPU
		{48261BA7-2A32-479C-A217-FFFCC1062EE3}.Debug|Any CPU.ActiveCfg = Debug|Any CPU
		{48261BA7-2A32-479C-A217-FFFCC1062EE3}.Debug|Any CPU.Build.0 = Debug|Any CPU
		{48261BA7-2A32-479C-A217-FFFCC1062EE3}.Release|Any CPU.ActiveCfg = Release|Any CPU
		{48261BA7-2A32-479C-A217-FFFCC1062EE3}.Release|Any CPU.Build.0 = Release|Any CPU
		{D7E32678-6937-4F64-B9A8-A984688F92FB}.Debug|Any CPU.ActiveCfg = Debug|Any CPU
		{D7E32678-6937-4F64-B9A8-A984688F92FB}.Debug|Any CPU.Build.0 = Debug|Any CPU
		{D7E32678-6937-4F64-B9A8-A984688F92FB}.Release|Any CPU.ActiveCfg = Release|Any CPU
		{D7E32678-6937-4F64-B9A8-A984688F92FB}.Release|Any CPU.Build.0 = Release|Any CPU
		{A72CC0DF-6E18-4513-863C-88CCAD649B49}.Debug|Any CPU.ActiveCfg = Debug|Any CPU
		{A72CC0DF-6E18-4513-863C-88CCAD649B49}.Debug|Any CPU.Build.0 = Debug|Any CPU
		{A72CC0DF-6E18-4513-863C-88CCAD649B49}.Release|Any CPU.ActiveCfg = Release|Any CPU
		{A72CC0DF-6E18-4513-863C-88CCAD649B49}.Release|Any CPU.Build.0 = Release|Any CPU
		{20D11B38-0F72-4101-BC3E-BFE4ACB54DAD}.Debug|Any CPU.ActiveCfg = Debug|Any CPU
		{20D11B38-0F72-4101-BC3E-BFE4ACB54DAD}.Debug|Any CPU.Build.0 = Debug|Any CPU
		{20D11B38-0F72-4101-BC3E-BFE4ACB54DAD}.Release|Any CPU.ActiveCfg = Release|Any CPU
		{20D11B38-0F72-4101-BC3E-BFE4ACB54DAD}.Release|Any CPU.Build.0 = Release|Any CPU
		{B11D0CC8-61F9-42DA-9A45-CDBF198A4C0C}.Debug|Any CPU.ActiveCfg = Debug|Any CPU
		{B11D0CC8-61F9-42DA-9A45-CDBF198A4C0C}.Debug|Any CPU.Build.0 = Debug|Any CPU
		{B11D0CC8-61F9-42DA-9A45-CDBF198A4C0C}.Release|Any CPU.ActiveCfg = Release|Any CPU
		{B11D0CC8-61F9-42DA-9A45-CDBF198A4C0C}.Release|Any CPU.Build.0 = Release|Any CPU
		{CE0F805F-3598-48F2-9AFC-D51C50B0617B}.Debug|Any CPU.ActiveCfg = Debug|Any CPU
		{CE0F805F-3598-48F2-9AFC-D51C50B0617B}.Debug|Any CPU.Build.0 = Debug|Any CPU
		{CE0F805F-3598-48F2-9AFC-D51C50B0617B}.Release|Any CPU.ActiveCfg = Release|Any CPU
		{CE0F805F-3598-48F2-9AFC-D51C50B0617B}.Release|Any CPU.Build.0 = Release|Any CPU
		{CFA2099D-E936-4CA2-B8D3-48D4617EEE9B}.Debug|Any CPU.ActiveCfg = Debug|Any CPU
		{CFA2099D-E936-4CA2-B8D3-48D4617EEE9B}.Debug|Any CPU.Build.0 = Debug|Any CPU
		{CFA2099D-E936-4CA2-B8D3-48D4617EEE9B}.Release|Any CPU.ActiveCfg = Release|Any CPU
		{CFA2099D-E936-4CA2-B8D3-48D4617EEE9B}.Release|Any CPU.Build.0 = Release|Any CPU
		{B3F6A1FC-A789-4000-8F34-753D5DE03AE3}.Debug|Any CPU.ActiveCfg = Debug|Any CPU
		{B3F6A1FC-A789-4000-8F34-753D5DE03AE3}.Debug|Any CPU.Build.0 = Debug|Any CPU
		{B3F6A1FC-A789-4000-8F34-753D5DE03AE3}.Release|Any CPU.ActiveCfg = Release|Any CPU
		{B3F6A1FC-A789-4000-8F34-753D5DE03AE3}.Release|Any CPU.Build.0 = Release|Any CPU
		{E01DD96F-D60D-417B-B15C-1126D4483973}.Debug|Any CPU.ActiveCfg = Debug|Any CPU
		{E01DD96F-D60D-417B-B15C-1126D4483973}.Debug|Any CPU.Build.0 = Debug|Any CPU
		{E01DD96F-D60D-417B-B15C-1126D4483973}.Release|Any CPU.ActiveCfg = Release|Any CPU
		{E01DD96F-D60D-417B-B15C-1126D4483973}.Release|Any CPU.Build.0 = Release|Any CPU
		{6EBB4FD9-630C-4E80-BF55-88450E46037C}.Debug|Any CPU.ActiveCfg = Debug|Any CPU
		{6EBB4FD9-630C-4E80-BF55-88450E46037C}.Debug|Any CPU.Build.0 = Debug|Any CPU
		{6EBB4FD9-630C-4E80-BF55-88450E46037C}.Release|Any CPU.ActiveCfg = Release|Any CPU
		{6EBB4FD9-630C-4E80-BF55-88450E46037C}.Release|Any CPU.Build.0 = Release|Any CPU
		{3E2E158C-5F82-4AE8-9324-390C290F3EA2}.Debug|Any CPU.ActiveCfg = Debug|Any CPU
		{3E2E158C-5F82-4AE8-9324-390C290F3EA2}.Debug|Any CPU.Build.0 = Debug|Any CPU
		{3E2E158C-5F82-4AE8-9324-390C290F3EA2}.Release|Any CPU.ActiveCfg = Release|Any CPU
		{3E2E158C-5F82-4AE8-9324-390C290F3EA2}.Release|Any CPU.Build.0 = Release|Any CPU
		{BBAE21E9-4E7A-4338-B447-B4DBCF7B3322}.Debug|Any CPU.ActiveCfg = Debug|Any CPU
		{BBAE21E9-4E7A-4338-B447-B4DBCF7B3322}.Debug|Any CPU.Build.0 = Debug|Any CPU
		{BBAE21E9-4E7A-4338-B447-B4DBCF7B3322}.Release|Any CPU.ActiveCfg = Release|Any CPU
		{BBAE21E9-4E7A-4338-B447-B4DBCF7B3322}.Release|Any CPU.Build.0 = Release|Any CPU
		{26E95DCE-9AC5-44B6-9301-F14EAEE1B6A2}.Debug|Any CPU.ActiveCfg = Debug|Any CPU
		{26E95DCE-9AC5-44B6-9301-F14EAEE1B6A2}.Debug|Any CPU.Build.0 = Debug|Any CPU
		{26E95DCE-9AC5-44B6-9301-F14EAEE1B6A2}.Release|Any CPU.ActiveCfg = Release|Any CPU
		{26E95DCE-9AC5-44B6-9301-F14EAEE1B6A2}.Release|Any CPU.Build.0 = Release|Any CPU
		{BC7EC50E-4A97-4DB2-A243-5A051396D079}.Debug|Any CPU.ActiveCfg = Debug|Any CPU
		{BC7EC50E-4A97-4DB2-A243-5A051396D079}.Debug|Any CPU.Build.0 = Debug|Any CPU
		{BC7EC50E-4A97-4DB2-A243-5A051396D079}.Release|Any CPU.ActiveCfg = Release|Any CPU
		{BC7EC50E-4A97-4DB2-A243-5A051396D079}.Release|Any CPU.Build.0 = Release|Any CPU
		{74B81F36-21DD-46D2-993F-D9BEB66ACE28}.Debug|Any CPU.ActiveCfg = Debug|Any CPU
		{74B81F36-21DD-46D2-993F-D9BEB66ACE28}.Debug|Any CPU.Build.0 = Debug|Any CPU
		{74B81F36-21DD-46D2-993F-D9BEB66ACE28}.Release|Any CPU.ActiveCfg = Release|Any CPU
		{74B81F36-21DD-46D2-993F-D9BEB66ACE28}.Release|Any CPU.Build.0 = Release|Any CPU
		{FFC408EA-3D32-4A02-B886-33C264D7922A}.Debug|Any CPU.ActiveCfg = Debug|Any CPU
		{FFC408EA-3D32-4A02-B886-33C264D7922A}.Debug|Any CPU.Build.0 = Debug|Any CPU
		{FFC408EA-3D32-4A02-B886-33C264D7922A}.Release|Any CPU.ActiveCfg = Release|Any CPU
		{FFC408EA-3D32-4A02-B886-33C264D7922A}.Release|Any CPU.Build.0 = Release|Any CPU
		{CFE06817-3043-4BDB-BF32-69C07EB5242A}.Debug|Any CPU.ActiveCfg = Debug|Any CPU
		{CFE06817-3043-4BDB-BF32-69C07EB5242A}.Debug|Any CPU.Build.0 = Debug|Any CPU
		{CFE06817-3043-4BDB-BF32-69C07EB5242A}.Release|Any CPU.ActiveCfg = Release|Any CPU
		{CFE06817-3043-4BDB-BF32-69C07EB5242A}.Release|Any CPU.Build.0 = Release|Any CPU
		{12B167E6-596A-4AF5-9B82-42BC2D66FB8B}.Debug|Any CPU.ActiveCfg = Debug|Any CPU
		{12B167E6-596A-4AF5-9B82-42BC2D66FB8B}.Debug|Any CPU.Build.0 = Debug|Any CPU
		{12B167E6-596A-4AF5-9B82-42BC2D66FB8B}.Release|Any CPU.ActiveCfg = Release|Any CPU
		{12B167E6-596A-4AF5-9B82-42BC2D66FB8B}.Release|Any CPU.Build.0 = Release|Any CPU
		{C701821F-2F30-4F93-BD34-BD2A16F09880}.Debug|Any CPU.ActiveCfg = Debug|Any CPU
		{C701821F-2F30-4F93-BD34-BD2A16F09880}.Debug|Any CPU.Build.0 = Debug|Any CPU
		{C701821F-2F30-4F93-BD34-BD2A16F09880}.Release|Any CPU.ActiveCfg = Release|Any CPU
		{C701821F-2F30-4F93-BD34-BD2A16F09880}.Release|Any CPU.Build.0 = Release|Any CPU
		{12888C92-22E0-45C4-B4C5-F941E65C5EEB}.Debug|Any CPU.ActiveCfg = Debug|Any CPU
		{12888C92-22E0-45C4-B4C5-F941E65C5EEB}.Debug|Any CPU.Build.0 = Debug|Any CPU
		{12888C92-22E0-45C4-B4C5-F941E65C5EEB}.Release|Any CPU.ActiveCfg = Release|Any CPU
		{12888C92-22E0-45C4-B4C5-F941E65C5EEB}.Release|Any CPU.Build.0 = Release|Any CPU
		{85547D25-020C-49E9-ABD7-9C9DF0CA321C}.Debug|Any CPU.ActiveCfg = Debug|Any CPU
		{85547D25-020C-49E9-ABD7-9C9DF0CA321C}.Debug|Any CPU.Build.0 = Debug|Any CPU
		{85547D25-020C-49E9-ABD7-9C9DF0CA321C}.Release|Any CPU.ActiveCfg = Release|Any CPU
		{85547D25-020C-49E9-ABD7-9C9DF0CA321C}.Release|Any CPU.Build.0 = Release|Any CPU
		{B7E3C3F0-B66C-44C5-852D-2F8575FBF065}.Debug|Any CPU.ActiveCfg = Debug|Any CPU
		{B7E3C3F0-B66C-44C5-852D-2F8575FBF065}.Debug|Any CPU.Build.0 = Debug|Any CPU
		{B7E3C3F0-B66C-44C5-852D-2F8575FBF065}.Release|Any CPU.ActiveCfg = Release|Any CPU
		{B7E3C3F0-B66C-44C5-852D-2F8575FBF065}.Release|Any CPU.Build.0 = Release|Any CPU
		{DE40A869-162C-44EB-8D0B-F6617ADFBFF4}.Debug|Any CPU.ActiveCfg = Debug|Any CPU
		{DE40A869-162C-44EB-8D0B-F6617ADFBFF4}.Debug|Any CPU.Build.0 = Debug|Any CPU
		{DE40A869-162C-44EB-8D0B-F6617ADFBFF4}.Release|Any CPU.ActiveCfg = Release|Any CPU
		{DE40A869-162C-44EB-8D0B-F6617ADFBFF4}.Release|Any CPU.Build.0 = Release|Any CPU
		{286E64E5-FA9D-488D-A55E-CBC8B6394220}.Debug|Any CPU.ActiveCfg = Debug|Any CPU
		{286E64E5-FA9D-488D-A55E-CBC8B6394220}.Debug|Any CPU.Build.0 = Debug|Any CPU
		{286E64E5-FA9D-488D-A55E-CBC8B6394220}.Release|Any CPU.ActiveCfg = Release|Any CPU
		{286E64E5-FA9D-488D-A55E-CBC8B6394220}.Release|Any CPU.Build.0 = Release|Any CPU
		{500EFCB6-0D97-4EDB-AA7F-EA35F377469F}.Debug|Any CPU.ActiveCfg = Debug|Any CPU
		{500EFCB6-0D97-4EDB-AA7F-EA35F377469F}.Debug|Any CPU.Build.0 = Debug|Any CPU
		{500EFCB6-0D97-4EDB-AA7F-EA35F377469F}.Release|Any CPU.ActiveCfg = Release|Any CPU
		{500EFCB6-0D97-4EDB-AA7F-EA35F377469F}.Release|Any CPU.Build.0 = Release|Any CPU
		{0627EBBF-F6A2-41DB-867A-0E079C612B58}.Debug|Any CPU.ActiveCfg = Debug|Any CPU
		{0627EBBF-F6A2-41DB-867A-0E079C612B58}.Debug|Any CPU.Build.0 = Debug|Any CPU
		{0627EBBF-F6A2-41DB-867A-0E079C612B58}.Release|Any CPU.ActiveCfg = Release|Any CPU
		{0627EBBF-F6A2-41DB-867A-0E079C612B58}.Release|Any CPU.Build.0 = Release|Any CPU
		{0A1CE0E4-24E9-43AB-812C-E23925E0BE80}.Debug|Any CPU.ActiveCfg = Debug|Any CPU
		{0A1CE0E4-24E9-43AB-812C-E23925E0BE80}.Debug|Any CPU.Build.0 = Debug|Any CPU
		{0A1CE0E4-24E9-43AB-812C-E23925E0BE80}.Release|Any CPU.ActiveCfg = Release|Any CPU
		{0A1CE0E4-24E9-43AB-812C-E23925E0BE80}.Release|Any CPU.Build.0 = Release|Any CPU
		{F2AF54A4-4069-4934-8786-E597C0CA1A87}.Debug|Any CPU.ActiveCfg = Debug|Any CPU
		{F2AF54A4-4069-4934-8786-E597C0CA1A87}.Debug|Any CPU.Build.0 = Debug|Any CPU
		{F2AF54A4-4069-4934-8786-E597C0CA1A87}.Release|Any CPU.ActiveCfg = Release|Any CPU
		{F2AF54A4-4069-4934-8786-E597C0CA1A87}.Release|Any CPU.Build.0 = Release|Any CPU
		{81505A01-4840-43F6-9130-F487BB20FC9C}.Debug|Any CPU.ActiveCfg = Debug|Any CPU
		{81505A01-4840-43F6-9130-F487BB20FC9C}.Debug|Any CPU.Build.0 = Debug|Any CPU
		{81505A01-4840-43F6-9130-F487BB20FC9C}.Release|Any CPU.ActiveCfg = Release|Any CPU
		{81505A01-4840-43F6-9130-F487BB20FC9C}.Release|Any CPU.Build.0 = Release|Any CPU
	EndGlobalSection
	GlobalSection(SolutionProperties) = preSolution
		HideSolutionNode = FALSE
	EndGlobalSection
	GlobalSection(NestedProjects) = preSolution
		{0BB32D44-FDE1-449A-8FC4-CC93D7C7DF40} = {BD650993-D14F-4AA9-9A46-3139FAD8FF9F}
		{D7E32678-6937-4F64-B9A8-A984688F92FB} = {BD650993-D14F-4AA9-9A46-3139FAD8FF9F}
		{A72CC0DF-6E18-4513-863C-88CCAD649B49} = {BD650993-D14F-4AA9-9A46-3139FAD8FF9F}
		{CFA2099D-E936-4CA2-B8D3-48D4617EEE9B} = {BD650993-D14F-4AA9-9A46-3139FAD8FF9F}
		{BC7EC50E-4A97-4DB2-A243-5A051396D079} = {BD650993-D14F-4AA9-9A46-3139FAD8FF9F}
		{CFE06817-3043-4BDB-BF32-69C07EB5242A} = {BD650993-D14F-4AA9-9A46-3139FAD8FF9F}
	EndGlobalSection
	GlobalSection(ExtensibilityGlobals) = postSolution
		SolutionGuid = {C8B7B5D7-EFD6-4C4F-BF25-899ADB053F63}
	EndGlobalSection
EndGlobal
